
Microsoft Visual Studio Solution File, Format Version 12.00
# Visual Studio Version 17
VisualStudioVersion = 17.0.32112.339
MinimumVisualStudioVersion = 10.0.40219.1
Project("{FAE04EC0-301F-11D3-BF4B-00C04F79EFBC}") = "ITWarehouse", "ITWarehouse\ITWarehouse.csproj", "{941E97D2-14FE-40DE-AA94-88DC6D5180C7}"
EndProject
Global
	GlobalSection(SolutionConfigurationPlatforms) = preSolution
		Debug|Any CPU = Debug|Any CPU
		Release|Any CPU = Release|Any CPU
	EndGlobalSection
	GlobalSection(ProjectConfigurationPlatforms) = postSolution
		{941E97D2-14FE-40DE-AA94-88DC6D5180C7}.Debug|Any CPU.ActiveCfg = Debug|Any CPU
		{941E97D2-14FE-40DE-AA94-88DC6D5180C7}.Debug|Any CPU.Build.0 = Debug|Any CPU
		{941E97D2-14FE-40DE-AA94-88DC6D5180C7}.Release|Any CPU.ActiveCfg = Release|Any CPU
		{941E97D2-14FE-40DE-AA94-88DC6D5180C7}.Release|Any CPU.Build.0 = Release|Any CPU
	EndGlobalSection
	GlobalSection(SolutionProperties) = preSolution
		HideSolutionNode = FALSE
	EndGlobalSection
	GlobalSection(ExtensibilityGlobals) = postSolution
		SolutionGuid = {D72B59AD-414C-4DDC-AFE9-76D9DC8815B6}
	EndGlobalSection
EndGlobal
